
Microsoft Visual Studio Solution File, Format Version 12.00
# Visual Studio Version 16
VisualStudioVersion = 16.0.29411.108
MinimumVisualStudioVersion = 10.0.40219.1
Project("{FAE04EC0-301F-11D3-BF4B-00C04F79EFBC}") = "CSharpEight", "CSharpEight\CSharpEight.csproj", "{AFBE9786-5B08-46AD-8427-1B0CC1DAE0A9}"
EndProject
Global
	GlobalSection(SolutionConfigurationPlatforms) = preSolution
		Debug|Any CPU = Debug|Any CPU
		Release|Any CPU = Release|Any CPU
	EndGlobalSection
	GlobalSection(ProjectConfigurationPlatforms) = postSolution
		{AFBE9786-5B08-46AD-8427-1B0CC1DAE0A9}.Debug|Any CPU.ActiveCfg = Debug|Any CPU
		{AFBE9786-5B08-46AD-8427-1B0CC1DAE0A9}.Debug|Any CPU.Build.0 = Debug|Any CPU
		{AFBE9786-5B08-46AD-8427-1B0CC1DAE0A9}.Release|Any CPU.ActiveCfg = Release|Any CPU
		{AFBE9786-5B08-46AD-8427-1B0CC1DAE0A9}.Release|Any CPU.Build.0 = Release|Any CPU
	EndGlobalSection
	GlobalSection(SolutionProperties) = preSolution
		HideSolutionNode = FALSE
	EndGlobalSection
	GlobalSection(ExtensibilityGlobals) = postSolution
		SolutionGuid = {8641863D-3187-4930-8A07-1AD88B279CED}
	EndGlobalSection
EndGlobal
