
Microsoft Visual Studio Solution File, Format Version 12.00
# Visual Studio Version 16
VisualStudioVersion = 16.0.29411.108
MinimumVisualStudioVersion = 10.0.40219.1
Project("{9A19103F-16F7-4668-BE54-9A1E7A4F7556}") = "CSharpEight", "CSharpEight\CSharpEight.csproj", "{AFBE9786-5B08-46AD-8427-1B0CC1DAE0A9}"
EndProject
Project("{9A19103F-16F7-4668-BE54-9A1E7A4F7556}") = "EnhancementOfInterpolatedVerbatimStrings", "EnhancementOfInterpolatedVerbatimStrings\EnhancementOfInterpolatedVerbatimStrings.csproj", "{F4A01560-F356-4DCD-BA88-EB69A080CE7A}"
EndProject
Project("{9A19103F-16F7-4668-BE54-9A1E7A4F7556}") = "NullCoalescingAssignment", "NullCoalescingAssignment\NullCoalescingAssignment.csproj", "{6BDF9EC3-E93D-4267-9677-5BF88985D686}"
EndProject
Project("{9A19103F-16F7-4668-BE54-9A1E7A4F7556}") = "StackallocInNestedExpressions", "StackallocInNestedExpressions\StackallocInNestedExpressions.csproj", "{B9BE86D9-DA8A-4E90-83AF-8133186EEC3B}"
EndProject
Project("{9A19103F-16F7-4668-BE54-9A1E7A4F7556}") = "ReadonlyMembers", "ReadonlyMembers\ReadonlyMembers.csproj", "{0CDFDF95-BC7A-468D-B12C-C0D40556C968}"
EndProject
Project("{9A19103F-16F7-4668-BE54-9A1E7A4F7556}") = "StaticLocalFunctions", "StaticLocalFunctions\StaticLocalFunctions.csproj", "{281FD897-7DE8-4525-BC65-08D2AA2CA03D}"
EndProject
Project("{9A19103F-16F7-4668-BE54-9A1E7A4F7556}") = "UsingDeclarations", "UsingDeclarations\UsingDeclarations.csproj", "{90321628-311A-4ED0-855D-E24BDA858781}"
EndProject
Project("{9A19103F-16F7-4668-BE54-9A1E7A4F7556}") = "DisposableRefStructs", "DisposableRefStructs\DisposableRefStructs.csproj", "{1292EC9B-16EF-4197-92F8-71FEA3FC7AEF}"
EndProject
Project("{9A19103F-16F7-4668-BE54-9A1E7A4F7556}") = "UnmanagedConstructedTypes", "UnmanagedConstructedTypes\UnmanagedConstructedTypes.csproj", "{E3F49D93-E79E-4F4D-A786-265047F286E4}"
EndProject
Project("{9A19103F-16F7-4668-BE54-9A1E7A4F7556}") = "IndicesAndRanges", "IndicesAndRanges\IndicesAndRanges.csproj", "{0F8F157D-49CD-431F-92AD-B06FA9EFAFAA}"
EndProject
Project("{FAE04EC0-301F-11D3-BF4B-00C04F79EFBC}") = "AsyncEnumerables", "AsyncEnumerables\AsyncEnumerables.csproj", "{A4CF73AD-1375-49E8-8ADA-F0EBC86A827C}"
EndProject
Project("{FAE04EC0-301F-11D3-BF4B-00C04F79EFBC}") = "DefaultInterfaceMethods", "DefaultInterfaceMethods\DefaultInterfaceMethods.csproj", "{4C430AFD-812D-4736-88E6-10B79DF93A6F}"
EndProject
Global
	GlobalSection(SolutionConfigurationPlatforms) = preSolution
		Debug|Any CPU = Debug|Any CPU
		Release|Any CPU = Release|Any CPU
	EndGlobalSection
	GlobalSection(ProjectConfigurationPlatforms) = postSolution
		{AFBE9786-5B08-46AD-8427-1B0CC1DAE0A9}.Debug|Any CPU.ActiveCfg = Debug|Any CPU
		{AFBE9786-5B08-46AD-8427-1B0CC1DAE0A9}.Debug|Any CPU.Build.0 = Debug|Any CPU
		{AFBE9786-5B08-46AD-8427-1B0CC1DAE0A9}.Release|Any CPU.ActiveCfg = Release|Any CPU
		{AFBE9786-5B08-46AD-8427-1B0CC1DAE0A9}.Release|Any CPU.Build.0 = Release|Any CPU
		{F4A01560-F356-4DCD-BA88-EB69A080CE7A}.Debug|Any CPU.ActiveCfg = Debug|Any CPU
		{F4A01560-F356-4DCD-BA88-EB69A080CE7A}.Debug|Any CPU.Build.0 = Debug|Any CPU
		{F4A01560-F356-4DCD-BA88-EB69A080CE7A}.Release|Any CPU.ActiveCfg = Release|Any CPU
		{F4A01560-F356-4DCD-BA88-EB69A080CE7A}.Release|Any CPU.Build.0 = Release|Any CPU
		{6BDF9EC3-E93D-4267-9677-5BF88985D686}.Debug|Any CPU.ActiveCfg = Debug|Any CPU
		{6BDF9EC3-E93D-4267-9677-5BF88985D686}.Debug|Any CPU.Build.0 = Debug|Any CPU
		{6BDF9EC3-E93D-4267-9677-5BF88985D686}.Release|Any CPU.ActiveCfg = Release|Any CPU
		{6BDF9EC3-E93D-4267-9677-5BF88985D686}.Release|Any CPU.Build.0 = Release|Any CPU
		{B9BE86D9-DA8A-4E90-83AF-8133186EEC3B}.Debug|Any CPU.ActiveCfg = Debug|Any CPU
		{B9BE86D9-DA8A-4E90-83AF-8133186EEC3B}.Debug|Any CPU.Build.0 = Debug|Any CPU
		{B9BE86D9-DA8A-4E90-83AF-8133186EEC3B}.Release|Any CPU.ActiveCfg = Release|Any CPU
		{B9BE86D9-DA8A-4E90-83AF-8133186EEC3B}.Release|Any CPU.Build.0 = Release|Any CPU
		{0CDFDF95-BC7A-468D-B12C-C0D40556C968}.Debug|Any CPU.ActiveCfg = Debug|Any CPU
		{0CDFDF95-BC7A-468D-B12C-C0D40556C968}.Debug|Any CPU.Build.0 = Debug|Any CPU
		{0CDFDF95-BC7A-468D-B12C-C0D40556C968}.Release|Any CPU.ActiveCfg = Release|Any CPU
		{0CDFDF95-BC7A-468D-B12C-C0D40556C968}.Release|Any CPU.Build.0 = Release|Any CPU
		{281FD897-7DE8-4525-BC65-08D2AA2CA03D}.Debug|Any CPU.ActiveCfg = Debug|Any CPU
		{281FD897-7DE8-4525-BC65-08D2AA2CA03D}.Debug|Any CPU.Build.0 = Debug|Any CPU
		{281FD897-7DE8-4525-BC65-08D2AA2CA03D}.Release|Any CPU.ActiveCfg = Release|Any CPU
		{281FD897-7DE8-4525-BC65-08D2AA2CA03D}.Release|Any CPU.Build.0 = Release|Any CPU
		{90321628-311A-4ED0-855D-E24BDA858781}.Debug|Any CPU.ActiveCfg = Debug|Any CPU
		{90321628-311A-4ED0-855D-E24BDA858781}.Debug|Any CPU.Build.0 = Debug|Any CPU
		{90321628-311A-4ED0-855D-E24BDA858781}.Release|Any CPU.ActiveCfg = Release|Any CPU
		{90321628-311A-4ED0-855D-E24BDA858781}.Release|Any CPU.Build.0 = Release|Any CPU
		{1292EC9B-16EF-4197-92F8-71FEA3FC7AEF}.Debug|Any CPU.ActiveCfg = Debug|Any CPU
		{1292EC9B-16EF-4197-92F8-71FEA3FC7AEF}.Debug|Any CPU.Build.0 = Debug|Any CPU
		{1292EC9B-16EF-4197-92F8-71FEA3FC7AEF}.Release|Any CPU.ActiveCfg = Release|Any CPU
		{1292EC9B-16EF-4197-92F8-71FEA3FC7AEF}.Release|Any CPU.Build.0 = Release|Any CPU
		{E3F49D93-E79E-4F4D-A786-265047F286E4}.Debug|Any CPU.ActiveCfg = Debug|Any CPU
		{E3F49D93-E79E-4F4D-A786-265047F286E4}.Debug|Any CPU.Build.0 = Debug|Any CPU
		{E3F49D93-E79E-4F4D-A786-265047F286E4}.Release|Any CPU.ActiveCfg = Release|Any CPU
		{E3F49D93-E79E-4F4D-A786-265047F286E4}.Release|Any CPU.Build.0 = Release|Any CPU
		{0F8F157D-49CD-431F-92AD-B06FA9EFAFAA}.Debug|Any CPU.ActiveCfg = Debug|Any CPU
		{0F8F157D-49CD-431F-92AD-B06FA9EFAFAA}.Debug|Any CPU.Build.0 = Debug|Any CPU
		{0F8F157D-49CD-431F-92AD-B06FA9EFAFAA}.Release|Any CPU.ActiveCfg = Release|Any CPU
		{0F8F157D-49CD-431F-92AD-B06FA9EFAFAA}.Release|Any CPU.Build.0 = Release|Any CPU
		{A4CF73AD-1375-49E8-8ADA-F0EBC86A827C}.Debug|Any CPU.ActiveCfg = Debug|Any CPU
		{A4CF73AD-1375-49E8-8ADA-F0EBC86A827C}.Debug|Any CPU.Build.0 = Debug|Any CPU
		{A4CF73AD-1375-49E8-8ADA-F0EBC86A827C}.Release|Any CPU.ActiveCfg = Release|Any CPU
		{A4CF73AD-1375-49E8-8ADA-F0EBC86A827C}.Release|Any CPU.Build.0 = Release|Any CPU
		{4C430AFD-812D-4736-88E6-10B79DF93A6F}.Debug|Any CPU.ActiveCfg = Debug|Any CPU
		{4C430AFD-812D-4736-88E6-10B79DF93A6F}.Debug|Any CPU.Build.0 = Debug|Any CPU
		{4C430AFD-812D-4736-88E6-10B79DF93A6F}.Release|Any CPU.ActiveCfg = Release|Any CPU
		{4C430AFD-812D-4736-88E6-10B79DF93A6F}.Release|Any CPU.Build.0 = Release|Any CPU
	EndGlobalSection
	GlobalSection(SolutionProperties) = preSolution
		HideSolutionNode = FALSE
	EndGlobalSection
	GlobalSection(ExtensibilityGlobals) = postSolution
		SolutionGuid = {8641863D-3187-4930-8A07-1AD88B279CED}
	EndGlobalSection
EndGlobal
